<?xml version="1.0" encoding="utf-8"?>
<Project ToolsVersion="4.0" xmlns="http://schemas.microsoft.com/developer/msbuild/2003">
  <ItemGroup>
    <Filter Include="source">
      <UniqueIdentifier>{d0368fd7-9542-4717-bd1d-2b56433a1b63}</UniqueIdentifier>
    </Filter>
    <Filter Include="source\scenes">
      <UniqueIdentifier>{0ab3295b-726f-4669-aad5-432da8467058}</UniqueIdentifier>
    </Filter>
    <Filter Include="source\drawables">
      <UniqueIdentifier>{6edb5624-a7e0-4be4-994b-6cb2034bd26c}</UniqueIdentifier>
    </Filter>
    <Filter Include="source\drawables\bee">
      <UniqueIdentifier>{ca25a246-724b-4494-833a-9908566c0cc7}</UniqueIdentifier>
    </Filter>
    <Filter Include="source\drawables\human">
      <UniqueIdentifier>{0bd06882-f919-43cf-a138-a5d96e993d6d}</UniqueIdentifier>
    </Filter>
    <Filter Include="source\maths">
      <UniqueIdentifier>{d6db22f3-6f4e-43cd-88ab-9dd9f51e9f0f}</UniqueIdentifier>
    </Filter>
  </ItemGroup>
  <ItemGroup>
    <ClCompile Include="..\source\application.cpp">
      <Filter>source</Filter>
    </ClCompile>
    <ClCompile Include="..\source\main.cpp">
      <Filter>source</Filter>
    </ClCompile>
    <ClCompile Include="..\source\texture.cpp">
      <Filter>source</Filter>
    </ClCompile>
    <ClCompile Include="..\source\scenes\basic_scene.cpp">
      <Filter>source\scenes</Filter>
    </ClCompile>
    <ClCompile Include="..\source\drawables\grass_block.cpp">
      <Filter>source\drawables</Filter>
    </ClCompile>
    <ClCompile Include="..\source\drawables\drawable.cpp">
      <Filter>source\drawables</Filter>
    </ClCompile>
    <ClCompile Include="..\source\scenes\scene_parser.cpp">
      <Filter>source\scenes</Filter>
    </ClCompile>
    <ClCompile Include="..\source\drawables\water_block.cpp">
      <Filter>source\drawables</Filter>
    </ClCompile>
    <ClCompile Include="..\source\drawables\dirt_block.cpp">
      <Filter>source\drawables</Filter>
    </ClCompile>
    <ClCompile Include="..\source\delta_time.cpp">
      <Filter>source</Filter>
    </ClCompile>
    <ClCompile Include="..\source\drawables\human\human.cpp">
      <Filter>source\drawables\human</Filter>
    </ClCompile>
    <ClCompile Include="..\source\drawables\human\limb.cpp">
      <Filter>source\drawables\human</Filter>
    </ClCompile>
    <ClCompile Include="..\source\maths\colour.cpp">
      <Filter>source\maths</Filter>
    </ClCompile>
    <ClCompile Include="..\source\maths\vector2.cpp">
      <Filter>source\maths</Filter>
    </ClCompile>
    <ClCompile Include="..\source\maths\vector3.cpp">
      <Filter>source\maths</Filter>
    </ClCompile>
    <ClCompile Include="..\source\maths\vertex.cpp">
      <Filter>source\maths</Filter>
    </ClCompile>
    <ClCompile Include="..\source\maths\normal.cpp">
      <Filter>source\maths</Filter>
    </ClCompile>
    <ClCompile Include="..\source\drawables\bee\antenna.cpp">
      <Filter>source\drawables\bee</Filter>
    </ClCompile>
    <ClCompile Include="..\source\drawables\bee\bee.cpp">
      <Filter>source\drawables\bee</Filter>
    </ClCompile>
    <ClCompile Include="..\source\drawables\bee\stinger.cpp">
      <Filter>source\drawables\bee</Filter>
    </ClCompile>
    <ClCompile Include="..\source\drawables\bee\wing.cpp">
      <Filter>source\drawables\bee</Filter>
    </ClCompile>
    <ClCompile Include="..\source\drawables\bee\leg.cpp">
      <Filter>source\drawables\bee</Filter>
    </ClCompile>
    <ClCompile Include="..\source\drawables\block.cpp">
      <Filter>source\drawables</Filter>
    </ClCompile>
  </ItemGroup>
  <ItemGroup>
    <ClInclude Include="..\source\application.h">
      <Filter>source</Filter>
    </ClInclude>
    <ClInclude Include="..\source\texture.h">
      <Filter>source</Filter>
    </ClInclude>
    <ClInclude Include="..\source\scenes\basic_scene.h">
      <Filter>source\scenes</Filter>
    </ClInclude>
    <ClInclude Include="..\source\ogl_include.h">
      <Filter>source</Filter>
    </ClInclude>
    <ClInclude Include="..\source\drawables\drawable.h">
      <Filter>source\drawables</Filter>
    </ClInclude>
    <ClInclude Include="..\source\drawables\grass_block.h">
      <Filter>source\drawables</Filter>
    </ClInclude>
    <ClInclude Include="..\source\scenes\scene_parser.h">
      <Filter>source\scenes</Filter>
    </ClInclude>
    <ClInclude Include="..\source\drawables\empty_block.h">
      <Filter>source\drawables</Filter>
    </ClInclude>
    <ClInclude Include="..\source\drawables\water_block.h">
      <Filter>source\drawables</Filter>
    </ClInclude>
    <ClInclude Include="..\source\drawables\dirt_block.h">
      <Filter>source\drawables</Filter>
    </ClInclude>
    <ClInclude Include="..\source\delta_time.h">
      <Filter>source</Filter>
    </ClInclude>
    <ClInclude Include="..\source\drawables\human\human.h">
      <Filter>source\drawables\human</Filter>
    </ClInclude>
    <ClInclude Include="..\source\drawables\human\limb.h">
      <Filter>source\drawables\human</Filter>
    </ClInclude>
    <ClInclude Include="..\source\maths\colour.h">
      <Filter>source\maths</Filter>
    </ClInclude>
    <ClInclude Include="..\source\maths\vector2.h">
      <Filter>source\maths</Filter>
    </ClInclude>
    <ClInclude Include="..\source\maths\vector3.h">
      <Filter>source\maths</Filter>
    </ClInclude>
    <ClInclude Include="..\source\maths\vertex.h">
      <Filter>source\maths</Filter>
    </ClInclude>
    <ClInclude Include="..\source\maths\normal.h">
      <Filter>source\maths</Filter>
    </ClInclude>
    <ClInclude Include="..\source\drawables\bee\antenna.h">
      <Filter>source\drawables\bee</Filter>
    </ClInclude>
    <ClInclude Include="..\source\drawables\bee\bee.h">
      <Filter>source\drawables\bee</Filter>
    </ClInclude>
    <ClInclude Include="..\source\drawables\bee\stinger.h">
      <Filter>source\drawables\bee</Filter>
    </ClInclude>
    <ClInclude Include="..\source\drawables\bee\wing.h">
      <Filter>source\drawables\bee</Filter>
    </ClInclude>
    <ClInclude Include="..\source\drawables\bee\leg.h">
      <Filter>source\drawables\bee</Filter>
    </ClInclude>
    <ClInclude Include="..\source\drawables\block.h">
      <Filter>source\drawables</Filter>
    </ClInclude>
  </ItemGroup>
</Project>